{
  "name": "square-inventory-change-listener-lambda",
  "version": "1.0.0",
  "lockfileVersion": 3,
  "requires": true,
  "packages": {
    "": {
      "name": "square-inventory-change-listener-lambda",
      "version": "1.0.0",
      "license": "ISC",
      "dependencies": {
        "@shopify/admin-api-client": "^0.2.3",
        "dotenv": "^16.4.1"
      }
    },
    "node_modules/@shopify/admin-api-client": {
      "version": "0.2.3",
      "resolved": "https://registry.npmjs.org/@shopify/admin-api-client/-/admin-api-client-0.2.3.tgz",
      "integrity": "sha512-IYAKgaRoqTLlgAanvbgk3ifBWQoBaQIYAIZkMkZS7lk1ESi9tWsxYj+XHfBIhECv2/NlxQkdAzMjlR+etFiTUg==",
      "dependencies": {
        "@shopify/graphql-client": "^0.9.3"
      }
    },
    "node_modules/@shopify/graphql-client": {
      "version": "0.9.3",
      "resolved": "https://registry.npmjs.org/@shopify/graphql-client/-/graphql-client-0.9.3.tgz",
      "integrity": "sha512-2FEg6/Ue98ozJK3hFOj8kxMTiimW2eiYLDn7k+9ZqYWQ2eg+HHmdW+r5upw3jgT/2FPNYwqyz8qaZxPoxbP9Bw=="
    },
    "node_modules/dotenv": {
      "version": "16.4.1",
      "resolved": "https://registry.npmjs.org/dotenv/-/dotenv-16.4.1.tgz",
      "integrity": "sha512-CjA3y+Dr3FyFDOAMnxZEGtnW9KBR2M0JvvUtXNW+dYJL5ROWxP9DUHCwgFqpMk0OXCc0ljhaNTr2w/kutYIcHQ==",
      "engines": {
        "node": ">=12"
      },
      "funding": {
        "url": "https://github.com/motdotla/dotenv?sponsor=1"
      }
    }
  }
}
